
Microsoft Visual Studio Solution File, Format Version 12.00
# Visual Studio 15
VisualStudioVersion = 15.0.27703.2035
MinimumVisualStudioVersion = 10.0.40219.1
Project("{FAE04EC0-301F-11D3-BF4B-00C04F79EFBC}") = "KHSKController", "KSPDLLTest\KHSKController.csproj", "{323795BD-DDA3-4F8A-B4B4-20C49CFEFA59}"
EndProject
Global
	GlobalSection(SolutionConfigurationPlatforms) = preSolution
		Debug|Any CPU = Debug|Any CPU
		Release|Any CPU = Release|Any CPU
	EndGlobalSection
	GlobalSection(ProjectConfigurationPlatforms) = postSolution
		{323795BD-DDA3-4F8A-B4B4-20C49CFEFA59}.Debug|Any CPU.ActiveCfg = Debug|Any CPU
		{323795BD-DDA3-4F8A-B4B4-20C49CFEFA59}.Debug|Any CPU.Build.0 = Debug|Any CPU
		{323795BD-DDA3-4F8A-B4B4-20C49CFEFA59}.Release|Any CPU.ActiveCfg = Release|Any CPU
		{323795BD-DDA3-4F8A-B4B4-20C49CFEFA59}.Release|Any CPU.Build.0 = Release|Any CPU
	EndGlobalSection
	GlobalSection(SolutionProperties) = preSolution
		HideSolutionNode = FALSE
	EndGlobalSection
	GlobalSection(ExtensibilityGlobals) = postSolution
		SolutionGuid = {C3F83FBF-03E3-47B3-9769-90FD75124589}
	EndGlobalSection
EndGlobal
